# This file was autogenerated by uv via the following command:
#    uv pip compile --universal pyproject.toml --output-file requirements.lock
annotated-types==0.8.0
    # via pydantic
azure-core==1.41.0
    # via azure-identity
azure-identity==1.26.0
    # via wontology (pyproject.toml)
boto3==1.43.109
    # via wontology (pyproject.toml)
botocore==1.43.109
    # via
    #   boto3
    #   s3transfer
certifi==2026.7.22
    # via requests
cffi==2.1.1 ; platform_python_implementation != 'PyPy'
    # via cryptography
charset-normalizer==3.5.2
    # via requests
cryptography==50.0.2
    # via
    #   azure-identity
    #   google-auth
    #   msal
    #   pyjwt
google-auth==2.60.0
    # via wontology (pyproject.toml)
idna==3.20
    # via requests
jmespath==1.1.0
    # via
    #   wontology (pyproject.toml)
    #   boto3
    #   botocore
msal==1.39.0
    # via
    #   azure-identity
    #   msal-extensions
msal-extensions==1.3.1
    # via azure-identity
pyasn1==0.6.4
    # via pyasn1-modules
pyasn1-modules==0.4.2
    # via google-auth
pycparser==3.0 ; implementation_name != 'PyPy' and platform_python_implementation != 'PyPy'
    # via cffi
pydantic==2.13.5
    # via wontology (pyproject.toml)
pydantic-core==2.46.5
    # via pydantic
pyjwt==2.15.1
    # via msal
python-dateutil==2.9.0.post0
    # via botocore
pyyaml==6.0.3
    # via wontology (pyproject.toml)
requests==2.34.2
    # via
    #   wontology (pyproject.toml)
    #   azure-core
    #   msal
s3transfer==0.19.2
    # via boto3
six==1.17.0
    # via python-dateutil
typing-extensions==4.16.0
    # via
    #   azure-core
    #   azure-identity
    #   pydantic
    #   pydantic-core
    #   typing-inspection
typing-inspection==0.4.4
    # via pydantic
urllib3==2.8.0
    # via
    #   botocore
    #   requests
